
Microsoft Visual Studio Solution File, Format Version 12.00
# Visual Studio Version 17
VisualStudioVersion = 17.0.31919.166
MinimumVisualStudioVersion = 10.0.40219.1
Project("{9A19103F-16F7-4668-BE54-9A1E7A4F7556}") = "Example.Api", "src\services\Example.Api\Example.Api.csproj", "{2E6F285C-4783-4111-A310-514E14897B28}"
EndProject
Project("{2150E333-8FDC-42A3-9474-1A3956D46DE8}") = "Core", "Core", "{8B9D6B57-97F1-446F-9FCC-38FB038728D9}"
EndProject
Project("{9A19103F-16F7-4668-BE54-9A1E7A4F7556}") = "Core.Business", "src\core\Core.Business\Core.Business.csproj", "{947112FD-565B-437A-A172-DA3249A452CD}"
EndProject
Project("{9A19103F-16F7-4668-BE54-9A1E7A4F7556}") = "Core.Data", "src\core\Core.Data\Core.Data.csproj", "{A971341E-4E95-4D35-99E6-084A50E96AE8}"
EndProject
Project("{9A19103F-16F7-4668-BE54-9A1E7A4F7556}") = "Core.Api", "src\core\Core.Api\Core.Api.csproj", "{58B1AC99-EFB4-4CCF-AE50-E9C5991C0D81}"
EndProject
Project("{2150E333-8FDC-42A3-9474-1A3956D46DE8}") = "Solution Files", "Solution Files", "{3E85D0F8-ADF8-4141-ABE5-DEFD908F419C}"
	ProjectSection(SolutionItems) = preProject
		docker\docker-compose.yml = docker\docker-compose.yml
		docker\mongo.yml = docker\mongo.yml
		docker\postgres.yml = docker\postgres.yml
	EndProjectSection
EndProject
Global
	GlobalSection(SolutionConfigurationPlatforms) = preSolution
		Debug|Any CPU = Debug|Any CPU
		Release|Any CPU = Release|Any CPU
	EndGlobalSection
	GlobalSection(ProjectConfigurationPlatforms) = postSolution
		{2E6F285C-4783-4111-A310-514E14897B28}.Debug|Any CPU.ActiveCfg = Debug|Any CPU
		{2E6F285C-4783-4111-A310-514E14897B28}.Debug|Any CPU.Build.0 = Debug|Any CPU
		{2E6F285C-4783-4111-A310-514E14897B28}.Release|Any CPU.ActiveCfg = Release|Any CPU
		{2E6F285C-4783-4111-A310-514E14897B28}.Release|Any CPU.Build.0 = Release|Any CPU
		{947112FD-565B-437A-A172-DA3249A452CD}.Debug|Any CPU.ActiveCfg = Debug|Any CPU
		{947112FD-565B-437A-A172-DA3249A452CD}.Debug|Any CPU.Build.0 = Debug|Any CPU
		{947112FD-565B-437A-A172-DA3249A452CD}.Release|Any CPU.ActiveCfg = Release|Any CPU
		{947112FD-565B-437A-A172-DA3249A452CD}.Release|Any CPU.Build.0 = Release|Any CPU
		{A971341E-4E95-4D35-99E6-084A50E96AE8}.Debug|Any CPU.ActiveCfg = Debug|Any CPU
		{A971341E-4E95-4D35-99E6-084A50E96AE8}.Debug|Any CPU.Build.0 = Debug|Any CPU
		{A971341E-4E95-4D35-99E6-084A50E96AE8}.Release|Any CPU.ActiveCfg = Release|Any CPU
		{A971341E-4E95-4D35-99E6-084A50E96AE8}.Release|Any CPU.Build.0 = Release|Any CPU
		{58B1AC99-EFB4-4CCF-AE50-E9C5991C0D81}.Debug|Any CPU.ActiveCfg = Debug|Any CPU
		{58B1AC99-EFB4-4CCF-AE50-E9C5991C0D81}.Debug|Any CPU.Build.0 = Debug|Any CPU
		{58B1AC99-EFB4-4CCF-AE50-E9C5991C0D81}.Release|Any CPU.ActiveCfg = Release|Any CPU
		{58B1AC99-EFB4-4CCF-AE50-E9C5991C0D81}.Release|Any CPU.Build.0 = Release|Any CPU
	EndGlobalSection
	GlobalSection(SolutionProperties) = preSolution
		HideSolutionNode = FALSE
	EndGlobalSection
	GlobalSection(NestedProjects) = preSolution
		{947112FD-565B-437A-A172-DA3249A452CD} = {8B9D6B57-97F1-446F-9FCC-38FB038728D9}
		{A971341E-4E95-4D35-99E6-084A50E96AE8} = {8B9D6B57-97F1-446F-9FCC-38FB038728D9}
		{58B1AC99-EFB4-4CCF-AE50-E9C5991C0D81} = {8B9D6B57-97F1-446F-9FCC-38FB038728D9}
	EndGlobalSection
	GlobalSection(ExtensibilityGlobals) = postSolution
		SolutionGuid = {B50FC86A-784D-4A9F-9002-AA1CB6EBEC41}
	EndGlobalSection
EndGlobal
